
Microsoft Visual Studio Solution File, Format Version 11.00
# Visual Studio 2010
Project("{FAE04EC0-301F-11D3-BF4B-00C04F79EFBC}") = "Polaritoid", "Polaritoid\Polaritoid.csproj", "{F18883BB-0AEB-4166-8D17-F12C496A709D}"
EndProject
Project("{96E2B04D-8817-42C6-938A-82C39BA4D311}") = "PolaritoidContent", "PolaritoidContent\PolaritoidContent.contentproj", "{2D4AE953-24EB-4CA5-8C43-A9B6C89ED1A9}"
EndProject
Global
	GlobalSection(SolutionConfigurationPlatforms) = preSolution
		Debug|Windows Phone = Debug|Windows Phone
		Release|Windows Phone = Release|Windows Phone
	EndGlobalSection
	GlobalSection(ProjectConfigurationPlatforms) = postSolution
		{F18883BB-0AEB-4166-8D17-F12C496A709D}.Debug|Windows Phone.ActiveCfg = Debug|Windows Phone
		{F18883BB-0AEB-4166-8D17-F12C496A709D}.Debug|Windows Phone.Build.0 = Debug|Windows Phone
		{F18883BB-0AEB-4166-8D17-F12C496A709D}.Debug|Windows Phone.Deploy.0 = Debug|Windows Phone
		{F18883BB-0AEB-4166-8D17-F12C496A709D}.Release|Windows Phone.ActiveCfg = Release|Windows Phone
		{F18883BB-0AEB-4166-8D17-F12C496A709D}.Release|Windows Phone.Build.0 = Release|Windows Phone
		{F18883BB-0AEB-4166-8D17-F12C496A709D}.Release|Windows Phone.Deploy.0 = Release|Windows Phone
		{2D4AE953-24EB-4CA5-8C43-A9B6C89ED1A9}.Debug|Windows Phone.ActiveCfg = Debug|Windows Phone
		{2D4AE953-24EB-4CA5-8C43-A9B6C89ED1A9}.Release|Windows Phone.ActiveCfg = Release|Windows Phone
	EndGlobalSection
	GlobalSection(SolutionProperties) = preSolution
		HideSolutionNode = FALSE
	EndGlobalSection
EndGlobal
