
Microsoft Visual Studio Solution File, Format Version 10.00
# Visual C# Express 2008
Project("{FAE04EC0-301F-11D3-BF4B-00C04F79EFBC}") = "Polaritoid", "Polaritoid\Polaritoid.csproj", "{04718736-8A90-4A84-B2C9-227643477DFD}"
EndProject
Global
	GlobalSection(SolutionConfigurationPlatforms) = preSolution
		Debug|Zune = Debug|Zune
		Release|Zune = Release|Zune
	EndGlobalSection
	GlobalSection(ProjectConfigurationPlatforms) = postSolution
		{04718736-8A90-4A84-B2C9-227643477DFD}.Debug|Zune.ActiveCfg = Debug|Zune
		{04718736-8A90-4A84-B2C9-227643477DFD}.Debug|Zune.Build.0 = Debug|Zune
		{04718736-8A90-4A84-B2C9-227643477DFD}.Debug|Zune.Deploy.0 = Debug|Zune
		{04718736-8A90-4A84-B2C9-227643477DFD}.Release|Zune.ActiveCfg = Release|Zune
		{04718736-8A90-4A84-B2C9-227643477DFD}.Release|Zune.Build.0 = Release|Zune
		{04718736-8A90-4A84-B2C9-227643477DFD}.Release|Zune.Deploy.0 = Release|Zune
		{756C456D-165E-4678-9DB5-7D0D2A11172B}.Debug|Zune.ActiveCfg = Debug|Zune
		{756C456D-165E-4678-9DB5-7D0D2A11172B}.Release|Zune.ActiveCfg = Release|Zune
	EndGlobalSection
	GlobalSection(SolutionProperties) = preSolution
		HideSolutionNode = FALSE
	EndGlobalSection
EndGlobal
